# This is a Gradle generated file for dependency locking.
# Manual edits can break the build and are not advised.
# This file is expected to be part of source control.
org.jetbrains.kotlin:kotlin-compiler-embeddable:2.3.0=kotlinCompilerClasspath
org.jetbrains.kotlin:kotlin-daemon-embeddable:2.3.0=kotlinCompilerClasspath
org.jetbrains.kotlin:kotlin-dom-api-compat:2.3.0=jsCompileClasspath
org.jetbrains.kotlin:kotlin-reflect:1.6.10=kotlinCompilerClasspath
org.jetbrains.kotlin:kotlin-script-runtime:2.3.0=kotlinCompilerClasspath,kotlinCompilerPluginClasspathWasmJsMain
org.jetbrains.kotlin:kotlin-scripting-common:2.3.0=kotlinCompilerPluginClasspathWasmJsMain
org.jetbrains.kotlin:kotlin-scripting-compiler-embeddable:2.3.0=kotlinCompilerPluginClasspathWasmJsMain
org.jetbrains.kotlin:kotlin-scripting-compiler-impl-embeddable:2.3.0=kotlinCompilerPluginClasspathWasmJsMain
org.jetbrains.kotlin:kotlin-scripting-jvm:2.3.0=kotlinCompilerPluginClasspathWasmJsMain
org.jetbrains.kotlin:kotlin-stdlib-js:2.3.0=jsCompileClasspath
org.jetbrains.kotlin:kotlin-stdlib-wasm-js:2.3.0=wasmJsCompileClasspath,wasmJsNpmAggregated,wasmJsRuntimeClasspath,wasmJsTestNpmAggregated
org.jetbrains.kotlin:kotlin-stdlib:2.3.0=jsCompileClasspath,kotlinCompilerClasspath,kotlinCompilerPluginClasspathWasmJsMain,wasmJsCompileClasspath,wasmJsNpmAggregated,wasmJsRuntimeClasspath,wasmJsTestNpmAggregated
org.jetbrains.kotlinx:atomicfu-wasm-js:0.30.0-beta=wasmJsRuntimeClasspath
org.jetbrains.kotlinx:atomicfu:0.30.0-beta=wasmJsRuntimeClasspath
org.jetbrains.kotlinx:kotlinx-browser-wasm-js:0.5.0=wasmJsCompileClasspath,wasmJsNpmAggregated,wasmJsRuntimeClasspath,wasmJsTestNpmAggregated
org.jetbrains.kotlinx:kotlinx-browser:0.5.0=wasmJsCompileClasspath,wasmJsNpmAggregated,wasmJsRuntimeClasspath,wasmJsTestNpmAggregated
org.jetbrains.kotlinx:kotlinx-coroutines-core-jvm:1.8.0=kotlinCompilerClasspath
org.jetbrains.kotlinx:kotlinx-coroutines-core-wasm-js:1.10.2=wasmJsRuntimeClasspath
org.jetbrains.kotlinx:kotlinx-coroutines-core:1.10.2=wasmJsRuntimeClasspath
org.jetbrains.kotlinx:kotlinx-datetime-wasm-js:0.7.1=wasmJsRuntimeClasspath
org.jetbrains.kotlinx:kotlinx-datetime:0.7.1=wasmJsRuntimeClasspath
org.jetbrains.kotlinx:kotlinx-html-wasm-js:0.12.0=wasmJsRuntimeClasspath
org.jetbrains.kotlinx:kotlinx-html:0.12.0=wasmJsRuntimeClasspath
org.jetbrains.kotlinx:kotlinx-serialization-core-wasm-js:1.9.0=wasmJsRuntimeClasspath
org.jetbrains.kotlinx:kotlinx-serialization-core:1.9.0=wasmJsRuntimeClasspath
org.jetbrains.kotlinx:kotlinx-serialization-json-wasm-js:1.9.0=wasmJsRuntimeClasspath
org.jetbrains.kotlinx:kotlinx-serialization-json:1.9.0=wasmJsRuntimeClasspath
org.jetbrains:annotations:13.0=kotlinCompilerClasspath,kotlinCompilerPluginClasspathWasmJsMain
empty=
